Microsoft Visual Studio Solution File, Format Version 12.00
# Visual Studio Version 17
VisualStudioVersion = 17.0.31903.59
MinimumVisualStudioVersion = 10.0.40219.1
Project("{FAE04EC0-301F-11D3-BF4B-00C04F79EFBC}") = "Problem1", "Problem1\Problem1.csproj", "{99C6539A-A278-448D-8CA6-978BFD077A2C}"
EndProject
Project("{FAE04EC0-301F-11D3-BF4B-00C04F79EFBC}") = "Problem1.Tests", "Problem1.Tests\Problem1.Tests.csproj", "{64A63C52-1186-4F7E-B1D5-9DB87A7C09AB}"
EndProject
Project("{FAE04EC0-301F-11D3-BF4B-00C04F79EFBC}") = "Problem2", "Problem2\Problem2.csproj", "{2EC07FBC-0FF9-4956-99D8-48B94429C2DF}"
EndProject
Project("{FAE04EC0-301F-11D3-BF4B-00C04F79EFBC}") = "Problem2.Tests", "Problem2.Tests\Problem2.Tests.csproj", "{5000A8C6-0B7A-49DD-A486-AD31C2DFF740}"
EndProject
Project("{FAE04EC0-301F-11D3-BF4B-00C04F79EFBC}") = "Problem3", "Problem3\Problem3.csproj", "{0D8FAF39-2130-48EF-9ABC-F456127BA3FD}"
EndProject
Project("{FAE04EC0-301F-11D3-BF4B-00C04F79EFBC}") = "Problem3.Tests", "Problem3.Tests\Problem3.Tests.csproj", "{6F19ABC3-48E4-4F85-9832-172C806551CA}"
EndProject
Project("{FAE04EC0-301F-11D3-BF4B-00C04F79EFBC}") = "Problem4", "Problem4\Problem4.csproj", "{DE65513C-3C2B-4FBF-8F4A-3C874812C72C}"
EndProject
Project("{FAE04EC0-301F-11D3-BF4B-00C04F79EFBC}") = "Problem4.Tests", "Problem4.Tests\Problem4.Tests.csproj", "{05D2EA0F-11AC-4E92-A52C-7D077972CFE0}"
EndProject
Global
	GlobalSection(SolutionConfigurationPlatforms) = preSolution
		Debug|Any CPU = Debug|Any CPU
		Release|Any CPU = Release|Any CPU
	EndGlobalSection
	GlobalSection(ProjectConfigurationPlatforms) = postSolution
		{99C6539A-A278-448D-8CA6-978BFD077A2C}.Debug|Any CPU.ActiveCfg = Debug|Any CPU
		{99C6539A-A278-448D-8CA6-978BFD077A2C}.Debug|Any CPU.Build.0 = Debug|Any CPU
		{99C6539A-A278-448D-8CA6-978BFD077A2C}.Release|Any CPU.ActiveCfg = Release|Any CPU
		{99C6539A-A278-448D-8CA6-978BFD077A2C}.Release|Any CPU.Build.0 = Release|Any CPU
		{64A63C52-1186-4F7E-B1D5-9DB87A7C09AB}.Debug|Any CPU.ActiveCfg = Debug|Any CPU
		{64A63C52-1186-4F7E-B1D5-9DB87A7C09AB}.Debug|Any CPU.Build.0 = Debug|Any CPU
		{64A63C52-1186-4F7E-B1D5-9DB87A7C09AB}.Release|Any CPU.ActiveCfg = Release|Any CPU
		{64A63C52-1186-4F7E-B1D5-9DB87A7C09AB}.Release|Any CPU.Build.0 = Release|Any CPU
		{2EC07FBC-0FF9-4956-99D8-48B94429C2DF}.Debug|Any CPU.ActiveCfg = Debug|Any CPU
		{2EC07FBC-0FF9-4956-99D8-48B94429C2DF}.Debug|Any CPU.Build.0 = Debug|Any CPU
		{2EC07FBC-0FF9-4956-99D8-48B94429C2DF}.Release|Any CPU.ActiveCfg = Release|Any CPU
		{2EC07FBC-0FF9-4956-99D8-48B94429C2DF}.Release|Any CPU.Build.0 = Release|Any CPU
		{5000A8C6-0B7A-49DD-A486-AD31C2DFF740}.Debug|Any CPU.ActiveCfg = Debug|Any CPU
		{5000A8C6-0B7A-49DD-A486-AD31C2DFF740}.Debug|Any CPU.Build.0 = Debug|Any CPU
		{5000A8C6-0B7A-49DD-A486-AD31C2DFF740}.Release|Any CPU.ActiveCfg = Release|Any CPU
		{5000A8C6-0B7A-49DD-A486-AD31C2DFF740}.Release|Any CPU.Build.0 = Release|Any CPU
		{0D8FAF39-2130-48EF-9ABC-F456127BA3FD}.Debug|Any CPU.ActiveCfg = Debug|Any CPU
		{0D8FAF39-2130-48EF-9ABC-F456127BA3FD}.Debug|Any CPU.Build.0 = Debug|Any CPU
		{0D8FAF39-2130-48EF-9ABC-F456127BA3FD}.Release|Any CPU.ActiveCfg = Release|Any CPU
		{0D8FAF39-2130-48EF-9ABC-F456127BA3FD}.Release|Any CPU.Build.0 = Release|Any CPU
		{6F19ABC3-48E4-4F85-9832-172C806551CA}.Debug|Any CPU.ActiveCfg = Debug|Any CPU
		{6F19ABC3-48E4-4F85-9832-172C806551CA}.Debug|Any CPU.Build.0 = Debug|Any CPU
		{6F19ABC3-48E4-4F85-9832-172C806551CA}.Release|Any CPU.ActiveCfg = Release|Any CPU
		{6F19ABC3-48E4-4F85-9832-172C806551CA}.Release|Any CPU.Build.0 = Release|Any CPU
		{DE65513C-3C2B-4FBF-8F4A-3C874812C72C}.Debug|Any CPU.ActiveCfg = Debug|Any CPU
		{DE65513C-3C2B-4FBF-8F4A-3C874812C72C}.Debug|Any CPU.Build.0 = Debug|Any CPU
		{DE65513C-3C2B-4FBF-8F4A-3C874812C72C}.Release|Any CPU.ActiveCfg = Release|Any CPU
		{DE65513C-3C2B-4FBF-8F4A-3C874812C72C}.Release|Any CPU.Build.0 = Release|Any CPU
		{05D2EA0F-11AC-4E92-A52C-7D077972CFE0}.Debug|Any CPU.ActiveCfg = Debug|Any CPU
		{05D2EA0F-11AC-4E92-A52C-7D077972CFE0}.Debug|Any CPU.Build.0 = Debug|Any CPU
		{05D2EA0F-11AC-4E92-A52C-7D077972CFE0}.Release|Any CPU.ActiveCfg = Release|Any CPU
		{05D2EA0F-11AC-4E92-A52C-7D077972CFE0}.Release|Any CPU.Build.0 = Release|Any CPU
	EndGlobalSection
	GlobalSection(SolutionProperties) = preSolution
		HideSolutionNode = FALSE
	EndGlobalSection
EndGlobal